
Microsoft Visual Studio Solution File, Format Version 12.00
# Visual Studio Version 17
VisualStudioVersion = 17.11.35312.102
MinimumVisualStudioVersion = 10.0.40219.1
Project("{FAE04EC0-301F-11D3-BF4B-00C04F79EFBC}") = "webapp", "webapp\webapp.csproj", "{E4D9502F-4C4D-4A88-AFDD-B7A7FBBA9C01}"
EndProject
Global
	GlobalSection(SolutionConfigurationPlatforms) = preSolution
		Debug|Any CPU = Debug|Any CPU
		Release|Any CPU = Release|Any CPU
	EndGlobalSection
	GlobalSection(ProjectConfigurationPlatforms) = postSolution
		{E4D9502F-4C4D-4A88-AFDD-B7A7FBBA9C01}.Debug|Any CPU.ActiveCfg = Debug|Any CPU
		{E4D9502F-4C4D-4A88-AFDD-B7A7FBBA9C01}.Debug|Any CPU.Build.0 = Debug|Any CPU
		{E4D9502F-4C4D-4A88-AFDD-B7A7FBBA9C01}.Release|Any CPU.ActiveCfg = Release|Any CPU
		{E4D9502F-4C4D-4A88-AFDD-B7A7FBBA9C01}.Release|Any CPU.Build.0 = Release|Any CPU
	EndGlobalSection
	GlobalSection(SolutionProperties) = preSolution
		HideSolutionNode = FALSE
	EndGlobalSection
	GlobalSection(ExtensibilityGlobals) = postSolution
		SolutionGuid = {39899B2B-3666-4CA5-93B1-4933B0AA7257}
	EndGlobalSection
EndGlobal
